
Microsoft Visual Studio Solution File, Format Version 12.00
# Visual Studio 15
VisualStudioVersion = 15.0.28307.421
MinimumVisualStudioVersion = 10.0.40219.1
Project("{8BC9CEB8-8B4A-11D0-8D11-00A0C91BC942}") = "AVL", "AVL\AVL.vcxproj", "{200531A1-DCC5-48BA-B1D6-82D50E7A68F3}"
EndProject
Global
	GlobalSection(SolutionConfigurationPlatforms) = preSolution
		Debug|x64 = Debug|x64
		Debug|x86 = Debug|x86
		Release|x64 = Release|x64
		Release|x86 = Release|x86
	EndGlobalSection
	GlobalSection(ProjectConfigurationPlatforms) = postSolution
		{200531A1-DCC5-48BA-B1D6-82D50E7A68F3}.Debug|x64.ActiveCfg = Debug|x64
		{200531A1-DCC5-48BA-B1D6-82D50E7A68F3}.Debug|x64.Build.0 = Debug|x64
		{200531A1-DCC5-48BA-B1D6-82D50E7A68F3}.Debug|x86.ActiveCfg = Debug|Win32
		{200531A1-DCC5-48BA-B1D6-82D50E7A68F3}.Debug|x86.Build.0 = Debug|Win32
		{200531A1-DCC5-48BA-B1D6-82D50E7A68F3}.Release|x64.ActiveCfg = Release|x64
		{200531A1-DCC5-48BA-B1D6-82D50E7A68F3}.Release|x64.Build.0 = Release|x64
		{200531A1-DCC5-48BA-B1D6-82D50E7A68F3}.Release|x86.ActiveCfg = Release|Win32
		{200531A1-DCC5-48BA-B1D6-82D50E7A68F3}.Release|x86.Build.0 = Release|Win32
	EndGlobalSection
	GlobalSection(SolutionProperties) = preSolution
		HideSolutionNode = FALSE
	EndGlobalSection
	GlobalSection(ExtensibilityGlobals) = postSolution
		SolutionGuid = {DA408301-97D3-4FA3-AF46-A70F7F41651A}
	EndGlobalSection
EndGlobal
